
Microsoft Visual Studio Solution File, Format Version 12.00
# Visual Studio Version 16
VisualStudioVersion = 16.0.32407.337
MinimumVisualStudioVersion = 10.0.40219.1
Project("{FAE04EC0-301F-11D3-BF4B-00C04F79EFBC}") = "TestSelenium", "TestSelenium\TestSelenium.csproj", "{2E9019CF-518E-439C-8A64-679F20FAA3A5}"
EndProject
Global
	GlobalSection(SolutionConfigurationPlatforms) = preSolution
		Debug|Any CPU = Debug|Any CPU
		Release|Any CPU = Release|Any CPU
	EndGlobalSection
	GlobalSection(ProjectConfigurationPlatforms) = postSolution
		{2E9019CF-518E-439C-8A64-679F20FAA3A5}.Debug|Any CPU.ActiveCfg = Debug|Any CPU
		{2E9019CF-518E-439C-8A64-679F20FAA3A5}.Debug|Any CPU.Build.0 = Debug|Any CPU
		{2E9019CF-518E-439C-8A64-679F20FAA3A5}.Release|Any CPU.ActiveCfg = Release|Any CPU
		{2E9019CF-518E-439C-8A64-679F20FAA3A5}.Release|Any CPU.Build.0 = Release|Any CPU
	EndGlobalSection
	GlobalSection(SolutionProperties) = preSolution
		HideSolutionNode = FALSE
	EndGlobalSection
	GlobalSection(ExtensibilityGlobals) = postSolution
		SolutionGuid = {1E3EDFCC-1C17-4448-8C29-B624775CD832}
	EndGlobalSection
EndGlobal
